<?xml version="1.0" encoding="utf-8"?>
<Project ToolsVersion="4.0" xmlns="http://schemas.microsoft.com/developer/msbuild/2003">
  <ItemGroup>
    <Filter Include="Source Files">
      <UniqueIdentifier>{4FC737F1-C7A5-4376-A066-2A32D752A2FF}</UniqueIdentifier>
      <Extensions>cpp;c;cc;cxx;c++;cppm;ixx;def;odl;idl;hpj;bat;asm;asmx</Extensions>
    </Filter>
    <Filter Include="Header Files">
      <UniqueIdentifier>{93995380-89BD-4b04-88EB-625FBE52EBFB}</UniqueIdentifier>
      <Extensions>h;hh;hpp;hxx;h++;hm;inl;inc;ipp;xsd</Extensions>
    </Filter>
    <Filter Include="Resource Files">
      <UniqueIdentifier>{67DA6AB6-F800-4c08-8B7A-83BB121AAD01}</UniqueIdentifier>
      <Extensions>rc;ico;cur;bmp;dlg;rc2;rct;bin;rgs;gif;jpg;jpeg;jpe;resx;tiff;tif;png;wav;mfcribbon-ms</Extensions>
    </Filter>
    <Filter Include="LLMWrapper">
      <UniqueIdentifier>{d69570a0-499e-4ca7-8545-f4be2e1591b6}</UniqueIdentifier>
    </Filter>
    <Filter Include="Resource Files\Llama.cpp">
      <UniqueIdentifier>{c6b02e44-892c-4406-a917-7bf5ad6c6285}</UniqueIdentifier>
    </Filter>
    <Filter Include="Resource Files\Llama.cpp\src">
      <UniqueIdentifier>{8563bdc4-d7cc-456f-b390-ede72e41de24}</UniqueIdentifier>
    </Filter>
    <Filter Include="Resource Files\Llama.cpp\ggml">
      <UniqueIdentifier>{b92d9773-251a-423d-af87-560c6ca3754e}</UniqueIdentifier>
    </Filter>
    <Filter Include="Resource Files\Llama.cpp\ggml-cpu">
      <UniqueIdentifier>{2cedc676-21fe-4bcb-a7c9-8c1d79649042}</UniqueIdentifier>
    </Filter>
    <Filter Include="Resource Files\Llama.cpp\src-models">
      <UniqueIdentifier>{7251de8e-fa55-42c8-aedc-5466f9ac30ab}</UniqueIdentifier>
    </Filter>
  </ItemGroup>
  <ItemGroup>
    <ClInclude Include="framework.h">
      <Filter>Header Files</Filter>
    </ClInclude>
    <ClInclude Include="pch.h">
      <Filter>Header Files</Filter>
    </ClInclude>
    <ClInclude Include="..\..\..\llm\LLMWrapper.h">
      <Filter>LLMWrapper</Filter>
    </ClInclude>
    <ClInclude Include="..\..\..\external\llama.cpp\src\llama-adapter.h">
      <Filter>Resource Files\Llama.cpp\src</Filter>
    </ClInclude>
    <ClInclude Include="..\..\..\external\llama.cpp\src\llama-arch.h">
      <Filter>Resource Files\Llama.cpp\src</Filter>
    </ClInclude>
    <ClInclude Include="..\..\..\external\llama.cpp\src\llama-batch.h">
      <Filter>Resource Files\Llama.cpp\src</Filter>
    </ClInclude>
    <ClInclude Include="..\..\..\external\llama.cpp\src\llama-chat.h">
      <Filter>Resource Files\Llama.cpp\src</Filter>
    </ClInclude>
    <ClInclude Include="..\..\..\external\llama.cpp\src\llama-context.h">
      <Filter>Resource Files\Llama.cpp\src</Filter>
    </ClInclude>
    <ClInclude Include="..\..\..\external\llama.cpp\src\llama-cparams.h">
      <Filter>Resource Files\Llama.cpp\src</Filter>
    </ClInclude>
    <ClInclude Include="..\..\..\external\llama.cpp\src\llama-ext.h">
      <Filter>Resource Files\Llama.cpp\src</Filter>
    </ClInclude>
    <ClInclude Include="..\..\..\external\llama.cpp\src\llama-grammar.h">
      <Filter>Resource Files\Llama.cpp\src</Filter>
    </ClInclude>
    <ClInclude Include="..\..\..\external\llama.cpp\src\llama-graph.h">
      <Filter>Resource Files\Llama.cpp\src</Filter>
    </ClInclude>
    <ClInclude Include="..\..\..\external\llama.cpp\src\llama-hparams.h">
      <Filter>Resource Files\Llama.cpp\src</Filter>
    </ClInclude>
    <ClInclude Include="..\..\..\external\llama.cpp\src\llama-impl.h">
      <Filter>Resource Files\Llama.cpp\src</Filter>
    </ClInclude>
    <ClInclude Include="..\..\..\external\llama.cpp\src\llama-io.h">
      <Filter>Resource Files\Llama.cpp\src</Filter>
    </ClInclude>
    <ClInclude Include="..\..\..\external\llama.cpp\src\llama-kv-cache.h">
      <Filter>Resource Files\Llama.cpp\src</Filter>
    </ClInclude>
    <ClInclude Include="..\..\..\external\llama.cpp\src\llama-kv-cache-iswa.h">
      <Filter>Resource Files\Llama.cpp\src</Filter>
    </ClInclude>
    <ClInclude Include="..\..\..\external\llama.cpp\src\llama-kv-cells.h">
      <Filter>Resource Files\Llama.cpp\src</Filter>
    </ClInclude>
    <ClInclude Include="..\..\..\external\llama.cpp\src\llama-memory.h">
      <Filter>Resource Files\Llama.cpp\src</Filter>
    </ClInclude>
    <ClInclude Include="..\..\..\external\llama.cpp\src\llama-memory-hybrid.h">
      <Filter>Resource Files\Llama.cpp\src</Filter>
    </ClInclude>
    <ClInclude Include="..\..\..\external\llama.cpp\src\llama-memory-hybrid-iswa.h">
      <Filter>Resource Files\Llama.cpp\src</Filter>
    </ClInclude>
    <ClInclude Include="..\..\..\external\llama.cpp\src\llama-memory-recurrent.h">
      <Filter>Resource Files\Llama.cpp\src</Filter>
    </ClInclude>
    <ClInclude Include="..\..\..\external\llama.cpp\src\llama-mmap.h">
      <Filter>Resource Files\Llama.cpp\src</Filter>
    </ClInclude>
    <ClInclude Include="..\..\..\external\llama.cpp\src\llama-model.h">
      <Filter>Resource Files\Llama.cpp\src</Filter>
    </ClInclude>
    <ClInclude Include="..\..\..\external\llama.cpp\src\llama-model-loader.h">
      <Filter>Resource Files\Llama.cpp\src</Filter>
    </ClInclude>
    <ClInclude Include="..\..\..\external\llama.cpp\src\llama-model-saver.h">
      <Filter>Resource Files\Llama.cpp\src</Filter>
    </ClInclude>
    <ClInclude Include="..\..\..\external\llama.cpp\src\llama-quant.h">
      <Filter>Resource Files\Llama.cpp\src</Filter>
    </ClInclude>
    <ClInclude Include="..\..\..\external\llama.cpp\src\llama-sampler.h">
      <Filter>Resource Files\Llama.cpp\src</Filter>
    </ClInclude>
    <ClInclude Include="..\..\..\external\llama.cpp\src\llama-vocab.h">
      <Filter>Resource Files\Llama.cpp\src</Filter>
    </ClInclude>
    <ClInclude Include="..\..\..\external\llama.cpp\src\unicode.h">
      <Filter>Resource Files\Llama.cpp\src</Filter>
    </ClInclude>
    <ClInclude Include="..\..\..\external\llama.cpp\src\unicode-data.h">
      <Filter>Resource Files\Llama.cpp\src</Filter>
    </ClInclude>
    <ClInclude Include="..\..\..\external\llama.cpp\ggml\src\ggml-backend-dl.h">
      <Filter>Resource Files\Llama.cpp\ggml</Filter>
    </ClInclude>
    <ClInclude Include="..\..\..\external\llama.cpp\ggml\src\ggml-backend-impl.h">
      <Filter>Resource Files\Llama.cpp\ggml</Filter>
    </ClInclude>
    <ClInclude Include="..\..\..\external\llama.cpp\ggml\src\ggml-common.h">
      <Filter>Resource Files\Llama.cpp\ggml</Filter>
    </ClInclude>
    <ClInclude Include="..\..\..\external\llama.cpp\ggml\src\ggml-impl.h">
      <Filter>Resource Files\Llama.cpp\ggml</Filter>
    </ClInclude>
    <ClInclude Include="..\..\..\external\llama.cpp\ggml\src\ggml-quants.h">
      <Filter>Resource Files\Llama.cpp\ggml</Filter>
    </ClInclude>
    <ClInclude Include="..\..\..\external\llama.cpp\ggml\src\ggml-threading.h">
      <Filter>Resource Files\Llama.cpp\ggml</Filter>
    </ClInclude>
    <ClInclude Include="..\..\..\external\llama.cpp\ggml\src\ggml-cpu\arch-fallback.h">
      <Filter>Resource Files\Llama.cpp\ggml-cpu</Filter>
    </ClInclude>
    <ClInclude Include="..\..\..\external\llama.cpp\ggml\src\ggml-cpu\binary-ops.h">
      <Filter>Resource Files\Llama.cpp\ggml-cpu</Filter>
    </ClInclude>
    <ClInclude Include="..\..\..\external\llama.cpp\ggml\src\ggml-cpu\common.h">
      <Filter>Resource Files\Llama.cpp\ggml-cpu</Filter>
    </ClInclude>
    <ClInclude Include="..\..\..\external\llama.cpp\ggml\src\ggml-cpu\ggml-cpu-impl.h">
      <Filter>Resource Files\Llama.cpp\ggml-cpu</Filter>
    </ClInclude>
    <ClInclude Include="..\..\..\external\llama.cpp\ggml\src\ggml-cpu\hbm.h">
      <Filter>Resource Files\Llama.cpp\ggml-cpu</Filter>
    </ClInclude>
    <ClInclude Include="..\..\..\external\llama.cpp\ggml\src\ggml-cpu\ops.h">
      <Filter>Resource Files\Llama.cpp\ggml-cpu</Filter>
    </ClInclude>
    <ClInclude Include="..\..\..\external\llama.cpp\ggml\src\ggml-cpu\quants.h">
      <Filter>Resource Files\Llama.cpp\ggml-cpu</Filter>
    </ClInclude>
    <ClInclude Include="..\..\..\external\llama.cpp\ggml\src\ggml-cpu\repack.h">
      <Filter>Resource Files\Llama.cpp\ggml-cpu</Filter>
    </ClInclude>
    <ClInclude Include="..\..\..\external\llama.cpp\ggml\src\ggml-cpu\simd-gemm.h">
      <Filter>Resource Files\Llama.cpp\ggml-cpu</Filter>
    </ClInclude>
    <ClInclude Include="..\..\..\external\llama.cpp\ggml\src\ggml-cpu\simd-mappings.h">
      <Filter>Resource Files\Llama.cpp\ggml-cpu</Filter>
    </ClInclude>
    <ClInclude Include="..\..\..\external\llama.cpp\ggml\src\ggml-cpu\traits.h">
      <Filter>Resource Files\Llama.cpp\ggml-cpu</Filter>
    </ClInclude>
    <ClInclude Include="..\..\..\external\llama.cpp\ggml\src\ggml-cpu\unary-ops.h">
      <Filter>Resource Files\Llama.cpp\ggml-cpu</Filter>
    </ClInclude>
    <ClInclude Include="..\..\..\external\llama.cpp\ggml\src\ggml-cpu\vec.h">
      <Filter>Resource Files\Llama.cpp\ggml-cpu</Filter>
    </ClInclude>
    <ClInclude Include="..\..\..\external\llama.cpp\src\models\models.h">
      <Filter>Resource Files\Llama.cpp\src-models</Filter>
    </ClInclude>
  </ItemGroup>
  <ItemGroup>
    <ClCompile Include="LLMLib.cpp">
      <Filter>Source Files</Filter>
    </ClCompile>
    <ClCompile Include="pch.cpp">
      <Filter>Source Files</Filter>
    </ClCompile>
    <ClCompile Include="..\..\..\llm\LLMWrapper.cpp">
      <Filter>LLMWrapper</Filter>
    </ClCompile>
    <ClCompile Include="..\..\..\external\llama.cpp\src\llama.cpp">
      <Filter>Resource Files\Llama.cpp\src</Filter>
    </ClCompile>
    <ClCompile Include="..\..\..\external\llama.cpp\src\llama-adapter.cpp">
      <Filter>Resource Files\Llama.cpp\src</Filter>
    </ClCompile>
    <ClCompile Include="..\..\..\external\llama.cpp\src\llama-arch.cpp">
      <Filter>Resource Files\Llama.cpp\src</Filter>
    </ClCompile>
    <ClCompile Include="..\..\..\external\llama.cpp\src\llama-batch.cpp">
      <Filter>Resource Files\Llama.cpp\src</Filter>
    </ClCompile>
    <ClCompile Include="..\..\..\external\llama.cpp\src\llama-chat.cpp">
      <Filter>Resource Files\Llama.cpp\src</Filter>
    </ClCompile>
    <ClCompile Include="..\..\..\external\llama.cpp\src\llama-context.cpp">
      <Filter>Resource Files\Llama.cpp\src</Filter>
    </ClCompile>
    <ClCompile Include="..\..\..\external\llama.cpp\src\llama-cparams.cpp">
      <Filter>Resource Files\Llama.cpp\src</Filter>
    </ClCompile>
    <ClCompile Include="..\..\..\external\llama.cpp\src\llama-grammar.cpp">
      <Filter>Resource Files\Llama.cpp\src</Filter>
    </ClCompile>
    <ClCompile Include="..\..\..\external\llama.cpp\src\llama-graph.cpp">
      <Filter>Resource Files\Llama.cpp\src</Filter>
    </ClCompile>
    <ClCompile Include="..\..\..\external\llama.cpp\src\llama-hparams.cpp">
      <Filter>Resource Files\Llama.cpp\src</Filter>
    </ClCompile>
    <ClCompile Include="..\..\..\external\llama.cpp\src\llama-impl.cpp">
      <Filter>Resource Files\Llama.cpp\src</Filter>
    </ClCompile>
    <ClCompile Include="..\..\..\external\llama.cpp\src\llama-io.cpp">
      <Filter>Resource Files\Llama.cpp\src</Filter>
    </ClCompile>
    <ClCompile Include="..\..\..\external\llama.cpp\src\llama-kv-cache.cpp">
      <Filter>Resource Files\Llama.cpp\src</Filter>
    </ClCompile>
    <ClCompile Include="..\..\..\external\llama.cpp\src\llama-kv-cache-iswa.cpp">
      <Filter>Resource Files\Llama.cpp\src</Filter>
    </ClCompile>
    <ClCompile Include="..\..\..\external\llama.cpp\src\llama-memory.cpp">
      <Filter>Resource Files\Llama.cpp\src</Filter>
    </ClCompile>
    <ClCompile Include="..\..\..\external\llama.cpp\src\llama-memory-hybrid.cpp">
      <Filter>Resource Files\Llama.cpp\src</Filter>
    </ClCompile>
    <ClCompile Include="..\..\..\external\llama.cpp\src\llama-memory-hybrid-iswa.cpp">
      <Filter>Resource Files\Llama.cpp\src</Filter>
    </ClCompile>
    <ClCompile Include="..\..\..\external\llama.cpp\src\llama-memory-recurrent.cpp">
      <Filter>Resource Files\Llama.cpp\src</Filter>
    </ClCompile>
    <ClCompile Include="..\..\..\external\llama.cpp\src\llama-mmap.cpp">
      <Filter>Resource Files\Llama.cpp\src</Filter>
    </ClCompile>
    <ClCompile Include="..\..\..\external\llama.cpp\src\llama-model.cpp">
      <Filter>Resource Files\Llama.cpp\src</Filter>
    </ClCompile>
    <ClCompile Include="..\..\..\external\llama.cpp\src\llama-model-loader.cpp">
      <Filter>Resource Files\Llama.cpp\src</Filter>
    </ClCompile>
    <ClCompile Include="..\..\..\external\llama.cpp\src\llama-model-saver.cpp">
      <Filter>Resource Files\Llama.cpp\src</Filter>
    </ClCompile>
    <ClCompile Include="..\..\..\external\llama.cpp\src\llama-quant.cpp">
      <Filter>Resource Files\Llama.cpp\src</Filter>
    </ClCompile>
    <ClCompile Include="..\..\..\external\llama.cpp\src\llama-sampler.cpp">
      <Filter>Resource Files\Llama.cpp\src</Filter>
    </ClCompile>
    <ClCompile Include="..\..\..\external\llama.cpp\src\llama-vocab.cpp">
      <Filter>Resource Files\Llama.cpp\src</Filter>
    </ClCompile>
    <ClCompile Include="..\..\..\external\llama.cpp\src\unicode.cpp">
      <Filter>Resource Files\Llama.cpp\src</Filter>
    </ClCompile>
    <ClCompile Include="..\..\..\external\llama.cpp\src\unicode-data.cpp">
      <Filter>Resource Files\Llama.cpp\src</Filter>
    </ClCompile>
    <ClCompile Include="..\..\..\external\llama.cpp\ggml\src\ggml.c">
      <Filter>Resource Files\Llama.cpp\ggml</Filter>
    </ClCompile>
    <ClCompile Include="..\..\..\external\llama.cpp\ggml\src\ggml-alloc.c">
      <Filter>Resource Files\Llama.cpp\ggml</Filter>
    </ClCompile>
    <ClCompile Include="..\..\..\external\llama.cpp\ggml\src\ggml-backend.cpp">
      <Filter>Resource Files\Llama.cpp\ggml</Filter>
    </ClCompile>
    <ClCompile Include="..\..\..\external\llama.cpp\ggml\src\ggml-backend-dl.cpp">
      <Filter>Resource Files\Llama.cpp\ggml</Filter>
    </ClCompile>
    <ClCompile Include="..\..\..\external\llama.cpp\ggml\src\ggml-backend-reg.cpp">
      <Filter>Resource Files\Llama.cpp\ggml</Filter>
    </ClCompile>
    <ClCompile Include="..\..\..\external\llama.cpp\ggml\src\ggml-opt.cpp">
      <Filter>Resource Files\Llama.cpp\ggml</Filter>
    </ClCompile>
    <ClCompile Include="..\..\..\external\llama.cpp\ggml\src\ggml-quants.c">
      <Filter>Resource Files\Llama.cpp\ggml</Filter>
    </ClCompile>
    <ClCompile Include="..\..\..\external\llama.cpp\ggml\src\ggml-threading.cpp">
      <Filter>Resource Files\Llama.cpp\ggml</Filter>
    </ClCompile>
    <ClCompile Include="..\..\..\external\llama.cpp\ggml\src\gguf.cpp">
      <Filter>Resource Files\Llama.cpp\ggml</Filter>
    </ClCompile>
    <ClCompile Include="..\..\..\external\llama.cpp\ggml\src\ggml-cpu\binary-ops.cpp">
      <Filter>Resource Files\Llama.cpp\ggml-cpu</Filter>
    </ClCompile>
    <ClCompile Include="..\..\..\external\llama.cpp\ggml\src\ggml-cpu\ggml-cpu.c">
      <Filter>Resource Files\Llama.cpp\ggml-cpu</Filter>
    </ClCompile>
    <ClCompile Include="..\..\..\external\llama.cpp\ggml\src\ggml-cpu\ggml-cpu.cpp">
      <Filter>Resource Files\Llama.cpp\ggml-cpu</Filter>
    </ClCompile>
    <ClCompile Include="..\..\..\external\llama.cpp\ggml\src\ggml-cpu\hbm.cpp">
      <Filter>Resource Files\Llama.cpp\ggml-cpu</Filter>
    </ClCompile>
    <ClCompile Include="..\..\..\external\llama.cpp\ggml\src\ggml-cpu\ops.cpp">
      <Filter>Resource Files\Llama.cpp\ggml-cpu</Filter>
    </ClCompile>
    <ClCompile Include="..\..\..\external\llama.cpp\ggml\src\ggml-cpu\quants.c">
      <Filter>Resource Files\Llama.cpp\ggml-cpu</Filter>
    </ClCompile>
    <ClCompile Include="..\..\..\external\llama.cpp\ggml\src\ggml-cpu\repack.cpp">
      <Filter>Resource Files\Llama.cpp\ggml-cpu</Filter>
    </ClCompile>
    <ClCompile Include="..\..\..\external\llama.cpp\ggml\src\ggml-cpu\traits.cpp">
      <Filter>Resource Files\Llama.cpp\ggml-cpu</Filter>
    </ClCompile>
    <ClCompile Include="..\..\..\external\llama.cpp\ggml\src\ggml-cpu\unary-ops.cpp">
      <Filter>Resource Files\Llama.cpp\ggml-cpu</Filter>
    </ClCompile>
    <ClCompile Include="..\..\..\external\llama.cpp\ggml\src\ggml-cpu\vec.cpp">
      <Filter>Resource Files\Llama.cpp\ggml-cpu</Filter>
    </ClCompile>
    <ClCompile Include="..\..\..\external\llama.cpp\src\models\afmoe.cpp">
      <Filter>Resource Files\Llama.cpp\src-models</Filter>
    </ClCompile>
    <ClCompile Include="..\..\..\external\llama.cpp\src\models\apertus.cpp">
      <Filter>Resource Files\Llama.cpp\src-models</Filter>
    </ClCompile>
    <ClCompile Include="..\..\..\external\llama.cpp\src\models\arcee.cpp">
      <Filter>Resource Files\Llama.cpp\src-models</Filter>
    </ClCompile>
    <ClCompile Include="..\..\..\external\llama.cpp\src\models\arctic.cpp">
      <Filter>Resource Files\Llama.cpp\src-models</Filter>
    </ClCompile>
    <ClCompile Include="..\..\..\external\llama.cpp\src\models\arwkv7.cpp">
      <Filter>Resource Files\Llama.cpp\src-models</Filter>
    </ClCompile>
    <ClCompile Include="..\..\..\external\llama.cpp\src\models\baichuan.cpp">
      <Filter>Resource Files\Llama.cpp\src-models</Filter>
    </ClCompile>
    <ClCompile Include="..\..\..\external\llama.cpp\src\models\bailingmoe.cpp">
      <Filter>Resource Files\Llama.cpp\src-models</Filter>
    </ClCompile>
    <ClCompile Include="..\..\..\external\llama.cpp\src\models\bailingmoe2.cpp">
      <Filter>Resource Files\Llama.cpp\src-models</Filter>
    </ClCompile>
    <ClCompile Include="..\..\..\external\llama.cpp\src\models\bert.cpp">
      <Filter>Resource Files\Llama.cpp\src-models</Filter>
    </ClCompile>
    <ClCompile Include="..\..\..\external\llama.cpp\src\models\bitnet.cpp">
      <Filter>Resource Files\Llama.cpp\src-models</Filter>
    </ClCompile>
    <ClCompile Include="..\..\..\external\llama.cpp\src\models\bloom.cpp">
      <Filter>Resource Files\Llama.cpp\src-models</Filter>
    </ClCompile>
    <ClCompile Include="..\..\..\external\llama.cpp\src\models\chameleon.cpp">
      <Filter>Resource Files\Llama.cpp\src-models</Filter>
    </ClCompile>
    <ClCompile Include="..\..\..\external\llama.cpp\src\models\chatglm.cpp">
      <Filter>Resource Files\Llama.cpp\src-models</Filter>
    </ClCompile>
    <ClCompile Include="..\..\..\external\llama.cpp\src\models\codeshell.cpp">
      <Filter>Resource Files\Llama.cpp\src-models</Filter>
    </ClCompile>
    <ClCompile Include="..\..\..\external\llama.cpp\src\models\cogvlm.cpp">
      <Filter>Resource Files\Llama.cpp\src-models</Filter>
    </ClCompile>
    <ClCompile Include="..\..\..\external\llama.cpp\src\models\cohere2-iswa.cpp">
      <Filter>Resource Files\Llama.cpp\src-models</Filter>
    </ClCompile>
    <ClCompile Include="..\..\..\external\llama.cpp\src\models\command-r.cpp">
      <Filter>Resource Files\Llama.cpp\src-models</Filter>
    </ClCompile>
    <ClCompile Include="..\..\..\external\llama.cpp\src\models\dbrx.cpp">
      <Filter>Resource Files\Llama.cpp\src-models</Filter>
    </ClCompile>
    <ClCompile Include="..\..\..\external\llama.cpp\src\models\deci.cpp">
      <Filter>Resource Files\Llama.cpp\src-models</Filter>
    </ClCompile>
    <ClCompile Include="..\..\..\external\llama.cpp\src\models\deepseek.cpp">
      <Filter>Resource Files\Llama.cpp\src-models</Filter>
    </ClCompile>
    <ClCompile Include="..\..\..\external\llama.cpp\src\models\deepseek2.cpp">
      <Filter>Resource Files\Llama.cpp\src-models</Filter>
    </ClCompile>
    <ClCompile Include="..\..\..\external\llama.cpp\src\models\delta-net-base.cpp">
      <Filter>Resource Files\Llama.cpp\src-models</Filter>
    </ClCompile>
    <ClCompile Include="..\..\..\external\llama.cpp\src\models\dots1.cpp">
      <Filter>Resource Files\Llama.cpp\src-models</Filter>
    </ClCompile>
    <ClCompile Include="..\..\..\external\llama.cpp\src\models\dream.cpp">
      <Filter>Resource Files\Llama.cpp\src-models</Filter>
    </ClCompile>
    <ClCompile Include="..\..\..\external\llama.cpp\src\models\ernie4-5.cpp">
      <Filter>Resource Files\Llama.cpp\src-models</Filter>
    </ClCompile>
    <ClCompile Include="..\..\..\external\llama.cpp\src\models\ernie4-5-moe.cpp">
      <Filter>Resource Files\Llama.cpp\src-models</Filter>
    </ClCompile>
    <ClCompile Include="..\..\..\external\llama.cpp\src\models\eurobert.cpp">
      <Filter>Resource Files\Llama.cpp\src-models</Filter>
    </ClCompile>
    <ClCompile Include="..\..\..\external\llama.cpp\src\models\exaone.cpp">
      <Filter>Resource Files\Llama.cpp\src-models</Filter>
    </ClCompile>
    <ClCompile Include="..\..\..\external\llama.cpp\src\models\exaone4.cpp">
      <Filter>Resource Files\Llama.cpp\src-models</Filter>
    </ClCompile>
    <ClCompile Include="..\..\..\external\llama.cpp\src\models\exaone-moe.cpp">
      <Filter>Resource Files\Llama.cpp\src-models</Filter>
    </ClCompile>
    <ClCompile Include="..\..\..\external\llama.cpp\src\models\falcon.cpp">
      <Filter>Resource Files\Llama.cpp\src-models</Filter>
    </ClCompile>
    <ClCompile Include="..\..\..\external\llama.cpp\src\models\falcon-h1.cpp">
      <Filter>Resource Files\Llama.cpp\src-models</Filter>
    </ClCompile>
    <ClCompile Include="..\..\..\external\llama.cpp\src\models\gemma.cpp">
      <Filter>Resource Files\Llama.cpp\src-models</Filter>
    </ClCompile>
    <ClCompile Include="..\..\..\external\llama.cpp\src\models\gemma2-iswa.cpp">
      <Filter>Resource Files\Llama.cpp\src-models</Filter>
    </ClCompile>
    <ClCompile Include="..\..\..\external\llama.cpp\src\models\gemma3.cpp">
      <Filter>Resource Files\Llama.cpp\src-models</Filter>
    </ClCompile>
    <ClCompile Include="..\..\..\external\llama.cpp\src\models\gemma3n-iswa.cpp">
      <Filter>Resource Files\Llama.cpp\src-models</Filter>
    </ClCompile>
    <ClCompile Include="..\..\..\external\llama.cpp\src\models\gemma-embedding.cpp">
      <Filter>Resource Files\Llama.cpp\src-models</Filter>
    </ClCompile>
    <ClCompile Include="..\..\..\external\llama.cpp\src\models\glm4.cpp">
      <Filter>Resource Files\Llama.cpp\src-models</Filter>
    </ClCompile>
    <ClCompile Include="..\..\..\external\llama.cpp\src\models\glm4-moe.cpp">
      <Filter>Resource Files\Llama.cpp\src-models</Filter>
    </ClCompile>
    <ClCompile Include="..\..\..\external\llama.cpp\src\models\gpt2.cpp">
      <Filter>Resource Files\Llama.cpp\src-models</Filter>
    </ClCompile>
    <ClCompile Include="..\..\..\external\llama.cpp\src\models\gptneox.cpp">
      <Filter>Resource Files\Llama.cpp\src-models</Filter>
    </ClCompile>
    <ClCompile Include="..\..\..\external\llama.cpp\src\models\granite.cpp">
      <Filter>Resource Files\Llama.cpp\src-models</Filter>
    </ClCompile>
    <ClCompile Include="..\..\..\external\llama.cpp\src\models\granite-hybrid.cpp">
      <Filter>Resource Files\Llama.cpp\src-models</Filter>
    </ClCompile>
    <ClCompile Include="..\..\..\external\llama.cpp\src\models\grok.cpp">
      <Filter>Resource Files\Llama.cpp\src-models</Filter>
    </ClCompile>
    <ClCompile Include="..\..\..\external\llama.cpp\src\models\grovemoe.cpp">
      <Filter>Resource Files\Llama.cpp\src-models</Filter>
    </ClCompile>
    <ClCompile Include="..\..\..\external\llama.cpp\src\models\hunyuan-dense.cpp">
      <Filter>Resource Files\Llama.cpp\src-models</Filter>
    </ClCompile>
    <ClCompile Include="..\..\..\external\llama.cpp\src\models\hunyuan-moe.cpp">
      <Filter>Resource Files\Llama.cpp\src-models</Filter>
    </ClCompile>
    <ClCompile Include="..\..\..\external\llama.cpp\src\models\internlm2.cpp">
      <Filter>Resource Files\Llama.cpp\src-models</Filter>
    </ClCompile>
    <ClCompile Include="..\..\..\external\llama.cpp\src\models\jais.cpp">
      <Filter>Resource Files\Llama.cpp\src-models</Filter>
    </ClCompile>
    <ClCompile Include="..\..\..\external\llama.cpp\src\models\jais2.cpp">
      <Filter>Resource Files\Llama.cpp\src-models</Filter>
    </ClCompile>
    <ClCompile Include="..\..\..\external\llama.cpp\src\models\jamba.cpp">
      <Filter>Resource Files\Llama.cpp\src-models</Filter>
    </ClCompile>
    <ClCompile Include="..\..\..\external\llama.cpp\src\models\kimi-linear.cpp">
      <Filter>Resource Files\Llama.cpp\src-models</Filter>
    </ClCompile>
    <ClCompile Include="..\..\..\external\llama.cpp\src\models\lfm2.cpp">
      <Filter>Resource Files\Llama.cpp\src-models</Filter>
    </ClCompile>
    <ClCompile Include="..\..\..\external\llama.cpp\src\models\llada.cpp">
      <Filter>Resource Files\Llama.cpp\src-models</Filter>
    </ClCompile>
    <ClCompile Include="..\..\..\external\llama.cpp\src\models\llada-moe.cpp">
      <Filter>Resource Files\Llama.cpp\src-models</Filter>
    </ClCompile>
    <ClCompile Include="..\..\..\external\llama.cpp\src\models\llama.cpp">
      <Filter>Resource Files\Llama.cpp\src-models</Filter>
    </ClCompile>
    <ClCompile Include="..\..\..\external\llama.cpp\src\models\llama-iswa.cpp">
      <Filter>Resource Files\Llama.cpp\src-models</Filter>
    </ClCompile>
    <ClCompile Include="..\..\..\external\llama.cpp\src\models\maincoder.cpp">
      <Filter>Resource Files\Llama.cpp\src-models</Filter>
    </ClCompile>
    <ClCompile Include="..\..\..\external\llama.cpp\src\models\mamba.cpp">
      <Filter>Resource Files\Llama.cpp\src-models</Filter>
    </ClCompile>
    <ClCompile Include="..\..\..\external\llama.cpp\src\models\mamba-base.cpp">
      <Filter>Resource Files\Llama.cpp\src-models</Filter>
    </ClCompile>
    <ClCompile Include="..\..\..\external\llama.cpp\src\models\mimo2-iswa.cpp">
      <Filter>Resource Files\Llama.cpp\src-models</Filter>
    </ClCompile>
    <ClCompile Include="..\..\..\external\llama.cpp\src\models\minicpm3.cpp">
      <Filter>Resource Files\Llama.cpp\src-models</Filter>
    </ClCompile>
    <ClCompile Include="..\..\..\external\llama.cpp\src\models\minimax-m2.cpp">
      <Filter>Resource Files\Llama.cpp\src-models</Filter>
    </ClCompile>
    <ClCompile Include="..\..\..\external\llama.cpp\src\models\mistral3.cpp">
      <Filter>Resource Files\Llama.cpp\src-models</Filter>
    </ClCompile>
    <ClCompile Include="..\..\..\external\llama.cpp\src\models\modern-bert.cpp">
      <Filter>Resource Files\Llama.cpp\src-models</Filter>
    </ClCompile>
    <ClCompile Include="..\..\..\external\llama.cpp\src\models\mpt.cpp">
      <Filter>Resource Files\Llama.cpp\src-models</Filter>
    </ClCompile>
    <ClCompile Include="..\..\..\external\llama.cpp\src\models\nemotron.cpp">
      <Filter>Resource Files\Llama.cpp\src-models</Filter>
    </ClCompile>
    <ClCompile Include="..\..\..\external\llama.cpp\src\models\nemotron-h.cpp">
      <Filter>Resource Files\Llama.cpp\src-models</Filter>
    </ClCompile>
    <ClCompile Include="..\..\..\external\llama.cpp\src\models\neo-bert.cpp">
      <Filter>Resource Files\Llama.cpp\src-models</Filter>
    </ClCompile>
    <ClCompile Include="..\..\..\external\llama.cpp\src\models\olmo.cpp">
      <Filter>Resource Files\Llama.cpp\src-models</Filter>
    </ClCompile>
    <ClCompile Include="..\..\..\external\llama.cpp\src\models\olmo2.cpp">
      <Filter>Resource Files\Llama.cpp\src-models</Filter>
    </ClCompile>
    <ClCompile Include="..\..\..\external\llama.cpp\src\models\olmoe.cpp">
      <Filter>Resource Files\Llama.cpp\src-models</Filter>
    </ClCompile>
    <ClCompile Include="..\..\..\external\llama.cpp\src\models\openai-moe-iswa.cpp">
      <Filter>Resource Files\Llama.cpp\src-models</Filter>
    </ClCompile>
    <ClCompile Include="..\..\..\external\llama.cpp\src\models\openelm.cpp">
      <Filter>Resource Files\Llama.cpp\src-models</Filter>
    </ClCompile>
    <ClCompile Include="..\..\..\external\llama.cpp\src\models\orion.cpp">
      <Filter>Resource Files\Llama.cpp\src-models</Filter>
    </ClCompile>
    <ClCompile Include="..\..\..\external\llama.cpp\src\models\paddleocr.cpp">
      <Filter>Resource Files\Llama.cpp\src-models</Filter>
    </ClCompile>
    <ClCompile Include="..\..\..\external\llama.cpp\src\models\pangu-embedded.cpp">
      <Filter>Resource Files\Llama.cpp\src-models</Filter>
    </ClCompile>
    <ClCompile Include="..\..\..\external\llama.cpp\src\models\phi2.cpp">
      <Filter>Resource Files\Llama.cpp\src-models</Filter>
    </ClCompile>
    <ClCompile Include="..\..\..\external\llama.cpp\src\models\phi3.cpp">
      <Filter>Resource Files\Llama.cpp\src-models</Filter>
    </ClCompile>
    <ClCompile Include="..\..\..\external\llama.cpp\src\models\plamo.cpp">
      <Filter>Resource Files\Llama.cpp\src-models</Filter>
    </ClCompile>
    <ClCompile Include="..\..\..\external\llama.cpp\src\models\plamo2.cpp">
      <Filter>Resource Files\Llama.cpp\src-models</Filter>
    </ClCompile>
    <ClCompile Include="..\..\..\external\llama.cpp\src\models\plamo3.cpp">
      <Filter>Resource Files\Llama.cpp\src-models</Filter>
    </ClCompile>
    <ClCompile Include="..\..\..\external\llama.cpp\src\models\plm.cpp">
      <Filter>Resource Files\Llama.cpp\src-models</Filter>
    </ClCompile>
    <ClCompile Include="..\..\..\external\llama.cpp\src\models\qwen.cpp">
      <Filter>Resource Files\Llama.cpp\src-models</Filter>
    </ClCompile>
    <ClCompile Include="..\..\..\external\llama.cpp\src\models\qwen2.cpp">
      <Filter>Resource Files\Llama.cpp\src-models</Filter>
    </ClCompile>
    <ClCompile Include="..\..\..\external\llama.cpp\src\models\qwen2moe.cpp">
      <Filter>Resource Files\Llama.cpp\src-models</Filter>
    </ClCompile>
    <ClCompile Include="..\..\..\external\llama.cpp\src\models\qwen2vl.cpp">
      <Filter>Resource Files\Llama.cpp\src-models</Filter>
    </ClCompile>
    <ClCompile Include="..\..\..\external\llama.cpp\src\models\qwen3.cpp">
      <Filter>Resource Files\Llama.cpp\src-models</Filter>
    </ClCompile>
    <ClCompile Include="..\..\..\external\llama.cpp\src\models\qwen3moe.cpp">
      <Filter>Resource Files\Llama.cpp\src-models</Filter>
    </ClCompile>
    <ClCompile Include="..\..\..\external\llama.cpp\src\models\qwen3next.cpp">
      <Filter>Resource Files\Llama.cpp\src-models</Filter>
    </ClCompile>
    <ClCompile Include="..\..\..\external\llama.cpp\src\models\qwen3vl.cpp">
      <Filter>Resource Files\Llama.cpp\src-models</Filter>
    </ClCompile>
    <ClCompile Include="..\..\..\external\llama.cpp\src\models\qwen3vl-moe.cpp">
      <Filter>Resource Files\Llama.cpp\src-models</Filter>
    </ClCompile>
    <ClCompile Include="..\..\..\external\llama.cpp\src\models\qwen35.cpp">
      <Filter>Resource Files\Llama.cpp\src-models</Filter>
    </ClCompile>
    <ClCompile Include="..\..\..\external\llama.cpp\src\models\qwen35moe.cpp">
      <Filter>Resource Files\Llama.cpp\src-models</Filter>
    </ClCompile>
    <ClCompile Include="..\..\..\external\llama.cpp\src\models\refact.cpp">
      <Filter>Resource Files\Llama.cpp\src-models</Filter>
    </ClCompile>
    <ClCompile Include="..\..\..\external\llama.cpp\src\models\rnd1.cpp">
      <Filter>Resource Files\Llama.cpp\src-models</Filter>
    </ClCompile>
    <ClCompile Include="..\..\..\external\llama.cpp\src\models\rwkv6.cpp">
      <Filter>Resource Files\Llama.cpp\src-models</Filter>
    </ClCompile>
    <ClCompile Include="..\..\..\external\llama.cpp\src\models\rwkv6-base.cpp">
      <Filter>Resource Files\Llama.cpp\src-models</Filter>
    </ClCompile>
    <ClCompile Include="..\..\..\external\llama.cpp\src\models\rwkv6qwen2.cpp">
      <Filter>Resource Files\Llama.cpp\src-models</Filter>
    </ClCompile>
    <ClCompile Include="..\..\..\external\llama.cpp\src\models\rwkv7.cpp">
      <Filter>Resource Files\Llama.cpp\src-models</Filter>
    </ClCompile>
    <ClCompile Include="..\..\..\external\llama.cpp\src\models\rwkv7-base.cpp">
      <Filter>Resource Files\Llama.cpp\src-models</Filter>
    </ClCompile>
    <ClCompile Include="..\..\..\external\llama.cpp\src\models\seed-oss.cpp">
      <Filter>Resource Files\Llama.cpp\src-models</Filter>
    </ClCompile>
    <ClCompile Include="..\..\..\external\llama.cpp\src\models\smallthinker.cpp">
      <Filter>Resource Files\Llama.cpp\src-models</Filter>
    </ClCompile>
    <ClCompile Include="..\..\..\external\llama.cpp\src\models\smollm3.cpp">
      <Filter>Resource Files\Llama.cpp\src-models</Filter>
    </ClCompile>
    <ClCompile Include="..\..\..\external\llama.cpp\src\models\stablelm.cpp">
      <Filter>Resource Files\Llama.cpp\src-models</Filter>
    </ClCompile>
    <ClCompile Include="..\..\..\external\llama.cpp\src\models\starcoder.cpp">
      <Filter>Resource Files\Llama.cpp\src-models</Filter>
    </ClCompile>
    <ClCompile Include="..\..\..\external\llama.cpp\src\models\starcoder2.cpp">
      <Filter>Resource Files\Llama.cpp\src-models</Filter>
    </ClCompile>
    <ClCompile Include="..\..\..\external\llama.cpp\src\models\step35-iswa.cpp">
      <Filter>Resource Files\Llama.cpp\src-models</Filter>
    </ClCompile>
    <ClCompile Include="..\..\..\external\llama.cpp\src\models\t5-dec.cpp">
      <Filter>Resource Files\Llama.cpp\src-models</Filter>
    </ClCompile>
    <ClCompile Include="..\..\..\external\llama.cpp\src\models\t5-enc.cpp">
      <Filter>Resource Files\Llama.cpp\src-models</Filter>
    </ClCompile>
    <ClCompile Include="..\..\..\external\llama.cpp\src\models\wavtokenizer-dec.cpp">
      <Filter>Resource Files\Llama.cpp\src-models</Filter>
    </ClCompile>
    <ClCompile Include="..\..\..\external\llama.cpp\src\models\xverse.cpp">
      <Filter>Resource Files\Llama.cpp\src-models</Filter>
    </ClCompile>
  </ItemGroup>
  <ItemGroup>
    <Text Include="..\..\..\external\llama.cpp\ggml\src\ggml-cpu\CMakeLists.txt">
      <Filter>Resource Files\Llama.cpp\ggml-cpu</Filter>
    </Text>
    <Text Include="..\..\..\CMakeLists.txt">
      <Filter>Resource Files</Filter>
    </Text>
  </ItemGroup>
  <ItemGroup>
    <None Include="..\..\..\CMakePresets.json">
      <Filter>Resource Files</Filter>
    </None>
  </ItemGroup>
</Project>